
Microsoft Visual Studio Solution File, Format Version 10.00
# Visual Studio 2008
Project("{FAE04EC0-301F-11D3-BF4B-00C04F79EFBC}") = "ZimWeb.Web.UI", "Src\ZimWeb.Web.UI.csproj", "{F2AF375E-D232-4674-BBA5-F438622CDDF0}"
EndProject
Global
	GlobalSection(SolutionConfigurationPlatforms) = preSolution
		Debug|Any CPU = Debug|Any CPU
		Release|Any CPU = Release|Any CPU
	EndGlobalSection
	GlobalSection(ProjectConfigurationPlatforms) = postSolution
		{F2AF375E-D232-4674-BBA5-F438622CDDF0}.Debug|Any CPU.ActiveCfg = Debug|Any CPU
		{F2AF375E-D232-4674-BBA5-F438622CDDF0}.Debug|Any CPU.Build.0 = Debug|Any CPU
		{F2AF375E-D232-4674-BBA5-F438622CDDF0}.Release|Any CPU.ActiveCfg = Release|Any CPU
		{F2AF375E-D232-4674-BBA5-F438622CDDF0}.Release|Any CPU.Build.0 = Release|Any CPU
	EndGlobalSection
	GlobalSection(SolutionProperties) = preSolution
		HideSolutionNode = FALSE
	EndGlobalSection
	GlobalSection(ExtensibilityGlobals) = postSolution
		VisualSVNWorkingCopyRoot = 
	EndGlobalSection
EndGlobal
